// !$*UTF8*$!
{
	archiveVersion = 1;
	classes = {
	};
	objectVersion = 46;
	objects = {

/* Begin PBXBuildFile section */
		3FDC1CCE1CF3A8B9005FBD9D /* AppDelegate.swift in Sources */ = {isa = PBXBuildFile; fileRef = 3FDC1CCD1CF3A8B9005FBD9D /* AppDelegate.swift */; };
		3FDC1CD01CF3A8B9005FBD9D /* ViewController.swift in Sources */ = {isa = PBXBuildFile; fileRef = 3FDC1CCF1CF3A8B9005FBD9D /* ViewController.swift */; };
		3FDC1CD31CF3A8B9005FBD9D /* Main.storyboard in Resources */ = {isa = PBXBuildFile; fileRef = 3FDC1CD11CF3A8B9005FBD9D /* Main.storyboard */; };
		3FDC1CD51CF3A8BA005FBD9D /* Assets.xcassets in Resources */ = {isa = PBXBuildFile; fileRef = 3FDC1CD41CF3A8BA005FBD9D /* Assets.xcassets */; };
		3FDC1CD81CF3A8BA005FBD9D /* LaunchScreen.storyboard in Resources */ = {isa = PBXBuildFile; fileRef = 3FDC1CD61CF3A8BA005FBD9D /* LaunchScreen.storyboard */; };
		3FDC1CE31CF3A8BA005FBD9D /* BitCoinPriceAppTests.swift in Sources */ = {isa = PBXBuildFile; fileRef = 3FDC1CE21CF3A8BA005FBD9D /* BitCoinPriceAppTests.swift */; };
		3FDC1CEE1CF3A8BB005FBD9D /* BitCoinPriceAppUITests.swift in Sources */ = {isa = PBXBuildFile; fileRef = 3FDC1CED1CF3A8BB005FBD9D /* BitCoinPriceAppUITests.swift */; };
/* End PBXBuildFile section */

/* Begin PBXContainerItemProxy section */
		3FDC1CDF1CF3A8BA005FBD9D /* PBXContainerItemProxy */ = {
			isa = PBXContainerItemProxy;
			containerPortal = 3FDC1CC21CF3A8B9005FBD9D /* Project object */;
			proxyType = 1;
			remoteGlobalIDString = 3FDC1CC91CF3A8B9005FBD9D;
			remoteInfo = BitCoinPriceApp;
		};
		3FDC1CEA1CF3A8BB005FBD9D /* PBXContainerItemProxy */ = {
			isa = PBXContainerItemProxy;
			containerPortal = 3FDC1CC21CF3A8B9005FBD9D /* Project object */;
			proxyType = 1;
			remoteGlobalIDString = 3FDC1CC91CF3A8B9005FBD9D;
			remoteInfo = BitCoinPriceApp;
		};
/* End PBXContainerItemProxy section */

/* Begin PBXFileReference section */
		3FDC1CCA1CF3A8B9005FBD9D /* BitCoinPriceApp.app */ = {isa = PBXFileReference; explicitFileType = wrapper.application; includeInIndex = 0; path = BitCoinPriceApp.app; sourceTree = BUILT_PRODUCTS_DIR; };
		3FDC1CCD1CF3A8B9005FBD9D /* AppDelegate.swift */ = {isa = PBXFileReference; lastKnownFileType = sourcecode.swift; path = AppDelegate.swift; sourceTree = "<group>"; };
		3FDC1CCF1CF3A8B9005FBD9D /* ViewController.swift */ = {isa = PBXFileReference; lastKnownFileType = sourcecode.swift; path = ViewController.swift; sourceTree = "<group>"; };
		3FDC1CD21CF3A8B9005FBD9D /* Base */ = {isa = PBXFileReference; lastKnownFileType = file.storyboard; name = Base; path = Base.lproj/Main.storyboard; sourceTree = "<group>"; };
		3FDC1CD41CF3A8BA005FBD9D /* Assets.xcassets */ = {isa = PBXFileReference; lastKnownFileType = folder.assetcatalog; path = Assets.xcassets; sourceTree = "<group>"; };
		3FDC1CD71CF3A8BA005FBD9D /* Base */ = {isa = PBXFileReference; lastKnownFileType = file.storyboard; name = Base; path = Base.lproj/LaunchScreen.storyboard; sourceTree = "<group>"; };
		3FDC1CD91CF3A8BA005FBD9D /* Info.plist */ = {isa = PBXFileReference; lastKnownFileType = text.plist.xml; path = Info.plist; sourceTree = "<group>"; };
		3FDC1CDE1CF3A8BA005FBD9D /* BitCoinPriceAppTests.xctest */ = {isa = PBXFileReference; explicitFileType = wrapper.cfbundle; includeInIndex = 0; path = BitCoinPriceAppTests.xctest; sourceTree = BUILT_PRODUCTS_DIR; };
		3FDC1CE21CF3A8BA005FBD9D /* BitCoinPriceAppTests.swift */ = {isa = PBXFileReference; lastKnownFileType = sourcecode.swift; path = BitCoinPriceAppTests.swift; sourceTree = "<group>"; };
		3FDC1CE41CF3A8BB005FBD9D /* Info.plist */ = {isa = PBXFileReference; lastKnownFileType = text.plist.xml; path = Info.plist; sourceTree = "<group>"; };
		3FDC1CE91CF3A8BB005FBD9D /* BitCoinPriceAppUITests.xctest */ = {isa = PBXFileReference; explicitFileType = wrapper.cfbundle; includeInIndex = 0; path = BitCoinPriceAppUITests.xctest; sourceTree = BUILT_PRODUCTS_DIR; };
		3FDC1CED1CF3A8BB005FBD9D /* BitCoinPriceAppUITests.swift */ = {isa = PBXFileReference; lastKnownFileType = sourcecode.swift; path = BitCoinPriceAppUITests.swift; sourceTree = "<group>"; };
		3FDC1CEF1CF3A8BB005FBD9D /* Info.plist */ = {isa = PBXFileReference; lastKnownFileType = text.plist.xml; path = Info.plist; sourceTree = "<group>"; };
/* End PBXFileReference section */

/* Begin PBXFrameworksBuildPhase section */
		3FDC1CC71CF3A8B9005FBD9D /* Frameworks */ = {
			isa = PBXFrameworksBuildPhase;
			buildActionMask = 2147483647;
			files = (
			);
			runOnlyForDeploymentPostprocessing = 0;
		};
		3FDC1CDB1CF3A8BA005FBD9D /* Frameworks */ = {
			isa = PBXFrameworksBuildPhase;
			buildActionMask = 2147483647;
			files = (
			);
			runOnlyForDeploymentPostprocessing = 0;
		};
		3FDC1CE61CF3A8BB005FBD9D /* Frameworks */ = {
			isa = PBXFrameworksBuildPhase;
			buildActionMask = 2147483647;
			files = (
			);
			runOnlyForDeploymentPostprocessing = 0;
		};
/* End PBXFrameworksBuildPhase section */

/* Begin PBXGroup section */
		3FDC1CC11CF3A8B9005FBD9D = {
			isa = PBXGroup;
			children = (
				3FDC1CCC1CF3A8B9005FBD9D /* BitCoinPriceApp */,
				3FDC1CE11CF3A8BA005FBD9D /* BitCoinPriceAppTests */,
				3FDC1CEC1CF3A8BB005FBD9D /* BitCoinPriceAppUITests */,
				3FDC1CCB1CF3A8B9005FBD9D /* Products */,
			);
			sourceTree = "<group>";
		};
		3FDC1CCB1CF3A8B9005FBD9D /* Products */ = {
			isa = PBXGroup;
			children = (
				3FDC1CCA1CF3A8B9005FBD9D /* BitCoinPriceApp.app */,
				3FDC1CDE1CF3A8BA005FBD9D /* BitCoinPriceAppTests.xctest */,
				3FDC1CE91CF3A8BB005FBD9D /* BitCoinPriceAppUITests.xctest */,
			);
			name = Products;
			sourceTree = "<group>";
		};
		3FDC1CCC1CF3A8B9005FBD9D /* BitCoinPriceApp */ = {
			isa = PBXGroup;
			children = (
				3FDC1CCD1CF3A8B9005FBD9D /* AppDelegate.swift */,
				3FDC1CCF1CF3A8B9005FBD9D /* ViewController.swift */,
				3FDC1CD11CF3A8B9005FBD9D /* Main.storyboard */,
				3FDC1CD41CF3A8BA005FBD9D /* Assets.xcassets */,
				3FDC1CD61CF3A8BA005FBD9D /* LaunchScreen.storyboard */,
				3FDC1CD91CF3A8BA005FBD9D /* Info.plist */,
			);
			path = BitCoinPriceApp;
			sourceTree = "<group>";
		};
		3FDC1CE11CF3A8BA005FBD9D /* BitCoinPriceAppTests */ = {
			isa = PBXGroup;
			children = (
				3FDC1CE21CF3A8BA005FBD9D /* BitCoinPriceAppTests.swift */,
				3FDC1CE41CF3A8BB005FBD9D /* Info.plist */,
			);
			path = BitCoinPriceAppTests;
			sourceTree = "<group>";
		};
		3FDC1CEC1CF3A8BB005FBD9D /* BitCoinPriceAppUITests */ = {
			isa = PBXGroup;
			children = (
				3FDC1CED1CF3A8BB005FBD9D /* BitCoinPriceAppUITests.swift */,
				3FDC1CEF1CF3A8BB005FBD9D /* Info.plist */,
			);
			path = BitCoinPriceAppUITests;
			sourceTree = "<group>";
		};
/* End PBXGroup section */

/* Begin PBXNativeTarget section */
		3FDC1CC91CF3A8B9005FBD9D /* BitCoinPriceApp */ = {
			isa = PBXNativeTarget;
			buildConfigurationList = 3FDC1CF21CF3A8BB005FBD9D /* Build configuration list for PBXNativeTarget "BitCoinPriceApp" */;
			buildPhases = (
				3FDC1CC61CF3A8B9005FBD9D /* Sources */,
				3FDC1CC71CF3A8B9005FBD9D /* Frameworks */,
				3FDC1CC81CF3A8B9005FBD9D /* Resources */,
			);
			buildRules = (
			);
			dependencies = (
			);
			name = BitCoinPriceApp;
			productName = BitCoinPriceApp;
			productReference = 3FDC1CCA1CF3A8B9005FBD9D /* BitCoinPriceApp.app */;
			productType = "com.apple.product-type.application";
		};
		3FDC1CDD1CF3A8BA005FBD9D /* BitCoinPriceAppTests */ = {
			isa = PBXNativeTarget;
			buildConfigurationList = 3FDC1CF51CF3A8BB005FBD9D /* Build configuration list for PBXNativeTarget "BitCoinPriceAppTests" */;
			buildPhases = (
				3FDC1CDA1CF3A8BA005FBD9D /* Sources */,
				3FDC1CDB1CF3A8BA005FBD9D /* Frameworks */,
				3FDC1CDC1CF3A8BA005FBD9D /* Resources */,
			);
			buildRules = (
			);
			dependencies = (
				3FDC1CE01CF3A8BA005FBD9D /* PBXTargetDependency */,
			);
			name = BitCoinPriceAppTests;
			productName = BitCoinPriceAppTests;
			productReference = 3FDC1CDE1CF3A8BA005FBD9D /* BitCoinPriceAppTests.xctest */;
			productType = "com.apple.product-type.bundle.unit-test";
		};
		3FDC1CE81CF3A8BB005FBD9D /* BitCoinPriceAppUITests */ = {
			isa = PBXNativeTarget;
			buildConfigurationList = 3FDC1CF81CF3A8BB005FBD9D /* Build configuration list for PBXNativeTarget "BitCoinPriceAppUITests" */;
			buildPhases = (
				3FDC1CE51CF3A8BB005FBD9D /* Sources */,
				3FDC1CE61CF3A8BB005FBD9D /* Frameworks */,
				3FDC1CE71CF3A8BB005FBD9D /* Resources */,
			);
			buildRules = (
			);
			dependencies = (
				3FDC1CEB1CF3A8BB005FBD9D /* PBXTargetDependency */,
			);
			name = BitCoinPriceAppUITests;
			productName = BitCoinPriceAppUITests;
			productReference = 3FDC1CE91CF3A8BB005FBD9D /* BitCoinPriceAppUITests.xctest */;
			productType = "com.apple.product-type.bundle.ui-testing";
		};
/* End PBXNativeTarget section */

/* Begin PBXProject section */
		3FDC1CC21CF3A8B9005FBD9D /* Project object */ = {
			isa = PBXProject;
			attributes = {
				LastSwiftUpdateCheck = 0730;
				LastUpgradeCheck = 0730;
				ORGANIZATIONNAME = "Carlos Noble Curveira";
				TargetAttributes = {
					3FDC1CC91CF3A8B9005FBD9D = {
						CreatedOnToolsVersion = 7.3;
					};
					3FDC1CDD1CF3A8BA005FBD9D = {
						CreatedOnToolsVersion = 7.3;
						TestTargetID = 3FDC1CC91CF3A8B9005FBD9D;
					};
					3FDC1CE81CF3A8BB005FBD9D = {
						CreatedOnToolsVersion = 7.3;
						TestTargetID = 3FDC1CC91CF3A8B9005FBD9D;
					};
				};
			};
			buildConfigurationList = 3FDC1CC51CF3A8B9005FBD9D /* Build configuration list for PBXProject "BitCoinPriceApp" */;
			compatibilityVersion = "Xcode 3.2";
			developmentRegion = English;
			hasScannedForEncodings = 0;
			knownRegions = (
				en,
				Base,
			);
			mainGroup = 3FDC1CC11CF3A8B9005FBD9D;
			productRefGroup = 3FDC1CCB1CF3A8B9005FBD9D /* Products */;
			projectDirPath = "";
			projectRoot = "";
			targets = (
				3FDC1CC91CF3A8B9005FBD9D /* BitCoinPriceApp */,
				3FDC1CDD1CF3A8BA005FBD9D /* BitCoinPriceAppTests */,
				3FDC1CE81CF3A8BB005FBD9D /* BitCoinPriceAppUITests */,
			);
		};
/* End PBXProject section */

/* Begin PBXResourcesBuildPhase section */
		3FDC1CC81CF3A8B9005FBD9D /* Resources */ = {
			isa = PBXResourcesBuildPhase;
			buildActionMask = 2147483647;
			files = (
				3FDC1CD81CF3A8BA005FBD9D /* LaunchScreen.storyboard in Resources */,
				3FDC1CD51CF3A8BA005FBD9D /* Assets.xcassets in Resources */,
				3FDC1CD31CF3A8B9005FBD9D /* Main.storyboard in Resources */,
			);
			runOnlyForDeploymentPostprocessing = 0;
		};
		3FDC1CDC1CF3A8BA005FBD9D /* Resources */ = {
			isa = PBXResourcesBuildPhase;
			buildActionMask = 2147483647;
			files = (
			);
			runOnlyForDeploymentPostprocessing = 0;
		};
		3FDC1CE71CF3A8BB005FBD9D /* Resources */ = {
			isa = PBXResourcesBuildPhase;
			buildActionMask = 2147483647;
			files = (
			);
			runOnlyForDeploymentPostprocessing = 0;
		};
/* End PBXResourcesBuildPhase section */

/* Begin PBXSourcesBuildPhase section */
		3FDC1CC61CF3A8B9005FBD9D /* Sources */ = {
			isa = PBXSourcesBuildPhase;
			buildActionMask = 2147483647;
			files = (
				3FDC1CD01CF3A8B9005FBD9D /* ViewController.swift in Sources */,
				3FDC1CCE1CF3A8B9005FBD9D /* AppDelegate.swift in Sources */,
			);
			runOnlyForDeploymentPostprocessing = 0;
		};
		3FDC1CDA1CF3A8BA005FBD9D /* Sources */ = {
			isa = PBXSourcesBuildPhase;
			buildActionMask = 2147483647;
			files = (
				3FDC1CE31CF3A8BA005FBD9D /* BitCoinPriceAppTests.swift in Sources */,
			);
			runOnlyForDeploymentPostprocessing = 0;
		};
		3FDC1CE51CF3A8BB005FBD9D /* Sources */ = {
			isa = PBXSourcesBuildPhase;
			buildActionMask = 2147483647;
			files = (
				3FDC1CEE1CF3A8BB005FBD9D /* BitCoinPriceAppUITests.swift in Sources */,
			);
			runOnlyForDeploymentPostprocessing = 0;
		};
/* End PBXSourcesBuildPhase section */

/* Begin PBXTargetDependency section */
		3FDC1CE01CF3A8BA005FBD9D /* PBXTargetDependency */ = {
			isa = PBXTargetDependency;
			target = 3FDC1CC91CF3A8B9005FBD9D /* BitCoinPriceApp */;
			targetProxy = 3FDC1CDF1CF3A8BA005FBD9D /* PBXContainerItemProxy */;
		};
		3FDC1CEB1CF3A8BB005FBD9D /* PBXTargetDependency */ = {
			isa = PBXTargetDependency;
			target = 3FDC1CC91CF3A8B9005FBD9D /* BitCoinPriceApp */;
			targetProxy = 3FDC1CEA1CF3A8BB005FBD9D /* PBXContainerItemProxy */;
		};
/* End PBXTargetDependency section */

/* Begin PBXVariantGroup section */
		3FDC1CD11CF3A8B9005FBD9D /* Main.storyboard */ = {
			isa = PBXVariantGroup;
			children = (
				3FDC1CD21CF3A8B9005FBD9D /* Base */,
			);
			name = Main.storyboard;
			sourceTree = "<group>";
		};
		3FDC1CD61CF3A8BA005FBD9D /* LaunchScreen.storyboard */ = {
			isa = PBXVariantGroup;
			children = (
				3FDC1CD71CF3A8BA005FBD9D /* Base */,
			);
			name = LaunchScreen.storyboard;
			sourceTree = "<group>";
		};
/* End PBXVariantGroup section */

/* Begin XCBuildConfiguration section */
		3FDC1CF01CF3A8BB005FBD9D /* Debug */ = {
			isa = XCBuildConfiguration;
			buildSettings = {
				ALWAYS_SEARCH_USER_PATHS = NO;
				CLANG_ANALYZER_NONNULL = YES;
				CLANG_CXX_LANGUAGE_STANDARD = "gnu++0x";
				CLANG_CXX_LIBRARY = "libc++";
				CLANG_ENABLE_MODULES = YES;
				CLANG_ENABLE_OBJC_ARC = YES;
				CLANG_WARN_BOOL_CONVERSION = YES;
				CLANG_WARN_CONSTANT_CONVERSION = YES;
				CLANG_WARN_DIRECT_OBJC_ISA_USAGE = YES_ERROR;
				CLANG_WARN_EMPTY_BODY = YES;
				CLANG_WARN_ENUM_CONVERSION = YES;
				CLANG_WARN_INT_CONVERSION = YES;
				CLANG_WARN_OBJC_ROOT_CLASS = YES_ERROR;
				CLANG_WARN_UNREACHABLE_CODE = YES;
				CLANG_WARN__DUPLICATE_METHOD_MATCH = YES;
				"CODE_SIGN_IDENTITY[sdk=iphoneos*]" = "iPhone Developer";
				COPY_PHASE_STRIP = NO;
				DEBUG_INFORMATION_FORMAT = dwarf;
				ENABLE_STRICT_OBJC_MSGSEND = YES;
				ENABLE_TESTABILITY = YES;
				GCC_C_LANGUAGE_STANDARD = gnu99;
				GCC_DYNAMIC_NO_PIC = NO;
				GCC_NO_COMMON_BLOCKS = YES;
				GCC_OPTIMIZATION_LEVEL = 0;
				GCC_PREPROCESSOR_DEFINITIONS = (
					"DEBUG=1",
					"$(inherited)",
				);
				GCC_WARN_64_TO_32_BIT_CONVERSION = YES;
				GCC_WARN_ABOUT_RETURN_TYPE = YES_ERROR;
				GCC_WARN_UNDECLARED_SELECTOR = YES;
				GCC_WARN_UNINITIALIZED_AUTOS = YES_AGGRESSIVE;
				GCC_WARN_UNUSED_FUNCTION = YES;
				GCC_WARN_UNUSED_VARIABLE = YES;
				IPHONEOS_DEPLOYMENT_TARGET = 9.3;
				MTL_ENABLE_DEBUG_INFO = YES;
				ONLY_ACTIVE_ARCH = YES;
				SDKROOT = iphoneos;
				SWIFT_OPTIMIZATION_LEVEL = "-Onone";
			};
			name = Debug;
		};
		3FDC1CF11CF3A8BB005FBD9D /* Release */ = {
			isa = XCBuildConfiguration;
			buildSettings = {
				ALWAYS_SEARCH_USER_PATHS = NO;
				CLANG_ANALYZER_NONNULL = YES;
				CLANG_CXX_LANGUAGE_STANDARD = "gnu++0x";
				CLANG_CXX_LIBRARY = "libc++";
				CLANG_ENABLE_MODULES = YES;
				CLANG_ENABLE_OBJC_ARC = YES;
				CLANG_WARN_BOOL_CONVERSION = YES;
				CLANG_WARN_CONSTANT_CONVERSION = YES;
				CLANG_WARN_DIRECT_OBJC_ISA_USAGE = YES_ERROR;
				CLANG_WARN_EMPTY_BODY = YES;
				CLANG_WARN_ENUM_CONVERSION = YES;
				CLANG_WARN_INT_CONVERSION = YES;
				CLANG_WARN_OBJC_ROOT_CLASS = YES_ERROR;
				CLANG_WARN_UNREACHABLE_CODE = YES;
				CLANG_WARN__DUPLICATE_METHOD_MATCH = YES;
				"CODE_SIGN_IDENTITY[sdk=iphoneos*]" = "iPhone Developer";
				COPY_PHASE_STRIP = NO;
				DEBUG_INFORMATION_FORMAT = "dwarf-with-dsym";
				ENABLE_NS_ASSERTIONS = NO;
				ENABLE_STRICT_OBJC_MSGSEND = YES;
				GCC_C_LANGUAGE_STANDARD = gnu99;
				GCC_NO_COMMON_BLOCKS = YES;
				GCC_WARN_64_TO_32_BIT_CONVERSION = YES;
				GCC_WARN_ABOUT_RETURN_TYPE = YES_ERROR;
				GCC_WARN_UNDECLARED_SELECTOR = YES;
				GCC_WARN_UNINITIALIZED_AUTOS = YES_AGGRESSIVE;
				GCC_WARN_UNUSED_FUNCTION = YES;
				GCC_WARN_UNUSED_VARIABLE = YES;
				IPHONEOS_DEPLOYMENT_TARGET = 9.3;
				MTL_ENABLE_DEBUG_INFO = NO;
				SDKROOT = iphoneos;
				VALIDATE_PRODUCT = YES;
			};
			name = Release;
		};
		3FDC1CF31CF3A8BB005FBD9D /* Debug */ = {
			isa = XCBuildConfiguration;
			buildSettings = {
				ASSETCATALOG_COMPILER_APPICON_NAME = AppIcon;
				INFOPLIST_FILE = BitCoinPriceApp/Info.plist;
				LD_RUNPATH_SEARCH_PATHS = "$(inherited) @executable_path/Frameworks";
				PRODUCT_BUNDLE_IDENTIFIER = IDKWHATTHISIS.BitCoinPriceApp;
				PRODUCT_NAME = "$(TARGET_NAME)";
			};
			name = Debug;
		};
		3FDC1CF41CF3A8BB005FBD9D /* Release */ = {
			isa = XCBuildConfiguration;
			buildSettings = {
				ASSETCATALOG_COMPILER_APPICON_NAME = AppIcon;
				INFOPLIST_FILE = BitCoinPriceApp/Info.plist;
				LD_RUNPATH_SEARCH_PATHS = "$(inherited) @executable_path/Frameworks";
				PRODUCT_BUNDLE_IDENTIFIER = IDKWHATTHISIS.BitCoinPriceApp;
				PRODUCT_NAME = "$(TARGET_NAME)";
			};
			name = Release;
		};
		3FDC1CF61CF3A8BB005FBD9D /* Debug */ = {
			isa = XCBuildConfiguration;
			buildSettings = {
				BUNDLE_LOADER = "$(TEST_HOST)";
				INFOPLIST_FILE = BitCoinPriceAppTests/Info.plist;
				LD_RUNPATH_SEARCH_PATHS = "$(inherited) @executable_path/Frameworks @loader_path/Frameworks";
				PRODUCT_BUNDLE_IDENTIFIER = IDKWHATTHISIS.BitCoinPriceAppTests;
				PRODUCT_NAME = "$(TARGET_NAME)";
				TEST_HOST = "$(BUILT_PRODUCTS_DIR)/BitCoinPriceApp.app/BitCoinPriceApp";
			};
			name = Debug;
		};
		3FDC1CF71CF3A8BB005FBD9D /* Release */ = {
			isa = XCBuildConfiguration;
			buildSettings = {
				BUNDLE_LOADER = "$(TEST_HOST)";
				INFOPLIST_FILE = BitCoinPriceAppTests/Info.plist;
				LD_RUNPATH_SEARCH_PATHS = "$(inherited) @executable_path/Frameworks @loader_path/Frameworks";
				PRODUCT_BUNDLE_IDENTIFIER = IDKWHATTHISIS.BitCoinPriceAppTests;
				PRODUCT_NAME = "$(TARGET_NAME)";
				TEST_HOST = "$(BUILT_PRODUCTS_DIR)/BitCoinPriceApp.app/BitCoinPriceApp";
			};
			name = Release;
		};
		3FDC1CF91CF3A8BB005FBD9D /* Debug */ = {
			isa = XCBuildConfiguration;
			buildSettings = {
				INFOPLIST_FILE = BitCoinPriceAppUITests/Info.plist;
				LD_RUNPATH_SEARCH_PATHS = "$(inherited) @executable_path/Frameworks @loader_path/Frameworks";
				PRODUCT_BUNDLE_IDENTIFIER = IDKWHATTHISIS.BitCoinPriceAppUITests;
				PRODUCT_NAME = "$(TARGET_NAME)";
				TEST_TARGET_NAME = BitCoinPriceApp;
			};
			name = Debug;
		};
		3FDC1CFA1CF3A8BB005FBD9D /* Release */ = {
			isa = XCBuildConfiguration;
			buildSettings = {
				INFOPLIST_FILE = BitCoinPriceAppUITests/Info.plist;
				LD_RUNPATH_SEARCH_PATHS = "$(inherited) @executable_path/Frameworks @loader_path/Frameworks";
				PRODUCT_BUNDLE_IDENTIFIER = IDKWHATTHISIS.BitCoinPriceAppUITests;
				PRODUCT_NAME = "$(TARGET_NAME)";
				TEST_TARGET_NAME = BitCoinPriceApp;
			};
			name = Release;
		};
/* End XCBuildConfiguration section */

/* Begin XCConfigurationList section */
		3FDC1CC51CF3A8B9005FBD9D /* Build configuration list for PBXProject "BitCoinPriceApp" */ = {
			isa = XCConfigurationList;
			buildConfigurations = (
				3FDC1CF01CF3A8BB005FBD9D /* Debug */,
				3FDC1CF11CF3A8BB005FBD9D /* Release */,
			);
			defaultConfigurationIsVisible = 0;
			defaultConfigurationName = Release;
		};
		3FDC1CF21CF3A8BB005FBD9D /* Build configuration list for PBXNativeTarget "BitCoinPriceApp" */ = {
			isa = XCConfigurationList;
			buildConfigurations = (
				3FDC1CF31CF3A8BB005FBD9D /* Debug */,
				3FDC1CF41CF3A8BB005FBD9D /* Release */,
			);
			defaultConfigurationIsVisible = 0;
		};
		3FDC1CF51CF3A8BB005FBD9D /* Build configuration list for PBXNativeTarget "BitCoinPriceAppTests" */ = {
			isa = XCConfigurationList;
			buildConfigurations = (
				3FDC1CF61CF3A8BB005FBD9D /* Debug */,
				3FDC1CF71CF3A8BB005FBD9D /* Release */,
			);
			defaultConfigurationIsVisible = 0;
		};
		3FDC1CF81CF3A8BB005FBD9D /* Build configuration list for PBXNativeTarget "BitCoinPriceAppUITests" */ = {
			isa = XCConfigurationList;
			buildConfigurations = (
				3FDC1CF91CF3A8BB005FBD9D /* Debug */,
				3FDC1CFA1CF3A8BB005FBD9D /* Release */,
			);
			defaultConfigurationIsVisible = 0;
		};
/* End XCConfigurationList section */
	};
	rootObject = 3FDC1CC21CF3A8B9005FBD9D /* Project object */;
}
